// !$*UTF8*$!
{
	archiveVersion = 1;
	classes = {
	};
	objectVersion = 54;
	objects = {

/* Begin PBXBuildFile section */
		00E356F31AD99517003FC87E /* new_redditTests.m in Sources */ = {isa = PBXBuildFile; fileRef = 00E356F21AD99517003FC87E /* new_redditTests.m */; };
		13B07FBC1A68108700A75B9A /* AppDelegate.m in Sources */ = {isa = PBXBuildFile; fileRef = 13B07FB01A68108700A75B9A /* AppDelegate.m */; };
		13B07FBF1A68108700A75B9A /* Images.xcassets in Resources */ = {isa = PBXBuildFile; fileRef = 13B07FB51A68108700A75B9A /* Images.xcassets */; };
		13B07FC11A68108700A75B9A /* main.m in Sources */ = {isa = PBXBuildFile; fileRef = 13B07FB71A68108700A75B9A /* main.m */; };
		81AB9BB82411601600AC10FF /* LaunchScreen.storyboard in Resources */ = {isa = PBXBuildFile; fileRef = 81AB9BB72411601600AC10FF /* LaunchScreen.storyboard */; };
		B0049831D1EE4509812EE12B /* AntDesign.ttf in Resources */ = {isa = PBXBuildFile; fileRef = 749700EDE3AD413FBB2B1325 /* AntDesign.ttf */; };
		F4AAFB04138748B7AAA76487 /* Entypo.ttf in Resources */ = {isa = PBXBuildFile; fileRef = C70C9FB4DC194EE1976B9EFE /* Entypo.ttf */; };
		2FE523707FB745F29D26BDBC /* EvilIcons.ttf in Resources */ = {isa = PBXBuildFile; fileRef = 7A612FD369D64E53A00AA779 /* EvilIcons.ttf */; };
		C3806B0E801E456F92B43EAC /* Feather.ttf in Resources */ = {isa = PBXBuildFile; fileRef = D596E9EE93E9471DB0C98CC6 /* Feather.ttf */; };
		4DC833A42B1B4412BFA59D5C /* FontAwesome.ttf in Resources */ = {isa = PBXBuildFile; fileRef = D05E73E0FA5D4A24B2FEAC4B /* FontAwesome.ttf */; };
		752BBBFB74FE4346AA9C02B2 /* FontAwesome5_Brands.ttf in Resources */ = {isa = PBXBuildFile; fileRef = D74B1FD558B14C368177D094 /* FontAwesome5_Brands.ttf */; };
		BA5F425D06B34F4D9FF963C9 /* FontAwesome5_Regular.ttf in Resources */ = {isa = PBXBuildFile; fileRef = 0DDF6CF2045346FBBC4B9241 /* FontAwesome5_Regular.ttf */; };
		4F090D481F28472985525DCA /* FontAwesome5_Solid.ttf in Resources */ = {isa = PBXBuildFile; fileRef = 083DF8739EC34BD8AE08A53F /* FontAwesome5_Solid.ttf */; };
		88A29645547447F88DF8C662 /* Fontisto.ttf in Resources */ = {isa = PBXBuildFile; fileRef = 243F7FA4C5834214BF62B96C /* Fontisto.ttf */; };
		4B44852955AE41C095A6F40B /* Foundation.ttf in Resources */ = {isa = PBXBuildFile; fileRef = 81C53D671CC84E50945AADE9 /* Foundation.ttf */; };
		B556DF5FF17A456B84D7F27F /* Ionicons.ttf in Resources */ = {isa = PBXBuildFile; fileRef = 15FDAC7CF78F4691BA8E629B /* Ionicons.ttf */; };
		213731865B974923A13C80FA /* MaterialCommunityIcons.ttf in Resources */ = {isa = PBXBuildFile; fileRef = DB11FEB70EA44295899AE385 /* MaterialCommunityIcons.ttf */; };
		BEF514077F184690A9B1243B /* MaterialIcons.ttf in Resources */ = {isa = PBXBuildFile; fileRef = AE88DC9D80E64E998EBCB0EB /* MaterialIcons.ttf */; };
		C25DE89EC3C049ECA4268187 /* Octicons.ttf in Resources */ = {isa = PBXBuildFile; fileRef = EB57F252DA1640AAA07DAB4B /* Octicons.ttf */; };
		3AF1EE05449E4EA982A6D54D /* SimpleLineIcons.ttf in Resources */ = {isa = PBXBuildFile; fileRef = 3C2DD927136543AB8E768C12 /* SimpleLineIcons.ttf */; };
		B0EBDBC460F449A0B248B281 /* Zocial.ttf in Resources */ = {isa = PBXBuildFile; fileRef = 246F9E7D15414E96923654CC /* Zocial.ttf */; };
		0152A9306AF140A5BE9A9243 /* Gotham-Black.otf in Resources */ = {isa = PBXBuildFile; fileRef = 4141ACAFE7114E789ECEE16E /* Gotham-Black.otf */; };
		D28DED32223A4A82B4ADB10C /* Gotham-Bold.otf in Resources */ = {isa = PBXBuildFile; fileRef = 094675DDE70E4EA59917FB51 /* Gotham-Bold.otf */; };
		8B25D9766B3247D48F664B0E /* Gotham-BookItalic.otf in Resources */ = {isa = PBXBuildFile; fileRef = 323C4A096F594B88B410D5FC /* Gotham-BookItalic.otf */; };
		A11EC079F2364539B7F70247 /* Gotham-Light.otf in Resources */ = {isa = PBXBuildFile; fileRef = 79BFDDE12B104FF9891B30E2 /* Gotham-Light.otf */; };
		9E127892D3114822B21AD09D /* Gotham-Thin.otf in Resources */ = {isa = PBXBuildFile; fileRef = 3704ABA93E4548B291DC021E /* Gotham-Thin.otf */; };
		BD38A361766642A2B6D21FD5 /* Gotham-ThinItalic.otf in Resources */ = {isa = PBXBuildFile; fileRef = 1A7BF3AF4536447AAEB4959B /* Gotham-ThinItalic.otf */; };
		5C0062EE935B4A8F8D268148 /* Gotham-UltraItalic.otf in Resources */ = {isa = PBXBuildFile; fileRef = 96D879FFB025490C9330AA93 /* Gotham-UltraItalic.otf */; };
		5D16B11DD2294BF096FA1A48 /* Gotham-XLight.otf in Resources */ = {isa = PBXBuildFile; fileRef = 0B038C794A4E425BB0DCEE1C /* Gotham-XLight.otf */; };
		46D3E6AF910544BCBEE3C32F /* Gotham-XLightItalic.otf in Resources */ = {isa = PBXBuildFile; fileRef = 4E905D58A41D4EC0AA4A5941 /* Gotham-XLightItalic.otf */; };
		593D87BD93BE434BBC3DA93C /* GothamBold.ttf in Resources */ = {isa = PBXBuildFile; fileRef = 46A04ADE22784960B9E7E5D3 /* GothamBold.ttf */; };
		6FBF5ED45B2243C9A2015767 /* GothamBoldItalic.ttf in Resources */ = {isa = PBXBuildFile; fileRef = 261977ECC3C34214AD73A50E /* GothamBoldItalic.ttf */; };
		72B3618CF23940FE8E6BF61F /* GothamBook.ttf in Resources */ = {isa = PBXBuildFile; fileRef = 31258C45493B42BAB40E97B0 /* GothamBook.ttf */; };
		65990A4FDEFC401DB957302B /* GothamBookItalic.ttf in Resources */ = {isa = PBXBuildFile; fileRef = D993CE3D92CC48049BE93642 /* GothamBookItalic.ttf */; };
		7455EB56C13343B2BBC1B3AE /* GothamLight.ttf in Resources */ = {isa = PBXBuildFile; fileRef = 040E988E106847A1A79758B7 /* GothamLight.ttf */; };
		DB27D71AE0184ED3BE28F239 /* GothamLightItalic.ttf in Resources */ = {isa = PBXBuildFile; fileRef = 3A76F857CE2F47B1A1287D81 /* GothamLightItalic.ttf */; };
		92F8319210244C70A80A42EF /* GothamMedium_1.ttf in Resources */ = {isa = PBXBuildFile; fileRef = 0CC1FFA3CE1C46F9A0720DF7 /* GothamMedium_1.ttf */; };
		00CA9BF309DF4F16AD475F75 /* GothamMedium.ttf in Resources */ = {isa = PBXBuildFile; fileRef = F7F18DDA244E4D7CAD4AC9FF /* GothamMedium.ttf */; };
		8B51DE989C714C40B7BFD543 /* GothamMediumItalic.ttf in Resources */ = {isa = PBXBuildFile; fileRef = 2F5986BB546D49C28C6F0057 /* GothamMediumItalic.ttf */; };
/* End PBXBuildFile section */

/* Begin PBXContainerItemProxy section */
		00E356F41AD99517003FC87E /* PBXContainerItemProxy */ = {
			isa = PBXContainerItemProxy;
			containerPortal = 83CBB9F71A601CBA00E9B192 /* Project object */;
			proxyType = 1;
			remoteGlobalIDString = 13B07F861A680F5B00A75B9A;
			remoteInfo = new_reddit;
		};
/* End PBXContainerItemProxy section */

/* Begin PBXFileReference section */
		00E356EE1AD99517003FC87E /* new_redditTests.xctest */ = {isa = PBXFileReference; explicitFileType = wrapper.cfbundle; includeInIndex = 0; path = new_redditTests.xctest; sourceTree = BUILT_PRODUCTS_DIR; };
		00E356F11AD99517003FC87E /* Info.plist */ = {isa = PBXFileReference; lastKnownFileType = text.plist.xml; path = Info.plist; sourceTree = "<group>"; };
		00E356F21AD99517003FC87E /* new_redditTests.m */ = {isa = PBXFileReference; lastKnownFileType = sourcecode.c.objc; path = new_redditTests.m; sourceTree = "<group>"; };
		13B07F961A680F5B00A75B9A /* new_reddit.app */ = {isa = PBXFileReference; explicitFileType = wrapper.application; includeInIndex = 0; path = new_reddit.app; sourceTree = BUILT_PRODUCTS_DIR; };
		13B07FAF1A68108700A75B9A /* AppDelegate.h */ = {isa = PBXFileReference; fileEncoding = 4; lastKnownFileType = sourcecode.c.h; name = AppDelegate.h; path = new_reddit/AppDelegate.h; sourceTree = "<group>"; };
		13B07FB01A68108700A75B9A /* AppDelegate.m */ = {isa = PBXFileReference; fileEncoding = 4; lastKnownFileType = sourcecode.c.objc; name = AppDelegate.m; path = new_reddit/AppDelegate.m; sourceTree = "<group>"; };
		13B07FB51A68108700A75B9A /* Images.xcassets */ = {isa = PBXFileReference; lastKnownFileType = folder.assetcatalog; name = Images.xcassets; path = new_reddit/Images.xcassets; sourceTree = "<group>"; };
		13B07FB61A68108700A75B9A /* Info.plist */ = {isa = PBXFileReference; fileEncoding = 4; lastKnownFileType = text.plist.xml; name = Info.plist; path = new_reddit/Info.plist; sourceTree = "<group>"; };
		13B07FB71A68108700A75B9A /* main.m */ = {isa = PBXFileReference; fileEncoding = 4; lastKnownFileType = sourcecode.c.objc; name = main.m; path = new_reddit/main.m; sourceTree = "<group>"; };
		81AB9BB72411601600AC10FF /* LaunchScreen.storyboard */ = {isa = PBXFileReference; fileEncoding = 4; lastKnownFileType = file.storyboard; name = LaunchScreen.storyboard; path = new_reddit/LaunchScreen.storyboard; sourceTree = "<group>"; };
		ED297162215061F000B7C4FE /* JavaScriptCore.framework */ = {isa = PBXFileReference; lastKnownFileType = wrapper.framework; name = JavaScriptCore.framework; path = System/Library/Frameworks/JavaScriptCore.framework; sourceTree = SDKROOT; };
		749700EDE3AD413FBB2B1325 /* AntDesign.ttf */ = {isa = PBXFileReference; name = "AntDesign.ttf"; path = "../node_modules/react-native-vector-icons/Fonts/AntDesign.ttf"; sourceTree = "<group>"; fileEncoding = undefined; lastKnownFileType = unknown; explicitFileType = undefined; includeInIndex = 0; };
		C70C9FB4DC194EE1976B9EFE /* Entypo.ttf */ = {isa = PBXFileReference; name = "Entypo.ttf"; path = "../node_modules/react-native-vector-icons/Fonts/Entypo.ttf"; sourceTree = "<group>"; fileEncoding = undefined; lastKnownFileType = unknown; explicitFileType = undefined; includeInIndex = 0; };
		7A612FD369D64E53A00AA779 /* EvilIcons.ttf */ = {isa = PBXFileReference; name = "EvilIcons.ttf"; path = "../node_modules/react-native-vector-icons/Fonts/EvilIcons.ttf"; sourceTree = "<group>"; fileEncoding = undefined; lastKnownFileType = unknown; explicitFileType = undefined; includeInIndex = 0; };
		D596E9EE93E9471DB0C98CC6 /* Feather.ttf */ = {isa = PBXFileReference; name = "Feather.ttf"; path = "../node_modules/react-native-vector-icons/Fonts/Feather.ttf"; sourceTree = "<group>"; fileEncoding = undefined; lastKnownFileType = unknown; explicitFileType = undefined; includeInIndex = 0; };
		D05E73E0FA5D4A24B2FEAC4B /* FontAwesome.ttf */ = {isa = PBXFileReference; name = "FontAwesome.ttf"; path = "../node_modules/react-native-vector-icons/Fonts/FontAwesome.ttf"; sourceTree = "<group>"; fileEncoding = undefined; lastKnownFileType = unknown; explicitFileType = undefined; includeInIndex = 0; };
		D74B1FD558B14C368177D094 /* FontAwesome5_Brands.ttf */ = {isa = PBXFileReference; name = "FontAwesome5_Brands.ttf"; path = "../node_modules/react-native-vector-icons/Fonts/FontAwesome5_Brands.ttf"; sourceTree = "<group>"; fileEncoding = undefined; lastKnownFileType = unknown; explicitFileType = undefined; includeInIndex = 0; };
		0DDF6CF2045346FBBC4B9241 /* FontAwesome5_Regular.ttf */ = {isa = PBXFileReference; name = "FontAwesome5_Regular.ttf"; path = "../node_modules/react-native-vector-icons/Fonts/FontAwesome5_Regular.ttf"; sourceTree = "<group>"; fileEncoding = undefined; lastKnownFileType = unknown; explicitFileType = undefined; includeInIndex = 0; };
		083DF8739EC34BD8AE08A53F /* FontAwesome5_Solid.ttf */ = {isa = PBXFileReference; name = "FontAwesome5_Solid.ttf"; path = "../node_modules/react-native-vector-icons/Fonts/FontAwesome5_Solid.ttf"; sourceTree = "<group>"; fileEncoding = undefined; lastKnownFileType = unknown; explicitFileType = undefined; includeInIndex = 0; };
		243F7FA4C5834214BF62B96C /* Fontisto.ttf */ = {isa = PBXFileReference; name = "Fontisto.ttf"; path = "../node_modules/react-native-vector-icons/Fonts/Fontisto.ttf"; sourceTree = "<group>"; fileEncoding = undefined; lastKnownFileType = unknown; explicitFileType = undefined; includeInIndex = 0; };
		81C53D671CC84E50945AADE9 /* Foundation.ttf */ = {isa = PBXFileReference; name = "Foundation.ttf"; path = "../node_modules/react-native-vector-icons/Fonts/Foundation.ttf"; sourceTree = "<group>"; fileEncoding = undefined; lastKnownFileType = unknown; explicitFileType = undefined; includeInIndex = 0; };
		15FDAC7CF78F4691BA8E629B /* Ionicons.ttf */ = {isa = PBXFileReference; name = "Ionicons.ttf"; path = "../node_modules/react-native-vector-icons/Fonts/Ionicons.ttf"; sourceTree = "<group>"; fileEncoding = undefined; lastKnownFileType = unknown; explicitFileType = undefined; includeInIndex = 0; };
		DB11FEB70EA44295899AE385 /* MaterialCommunityIcons.ttf */ = {isa = PBXFileReference; name = "MaterialCommunityIcons.ttf"; path = "../node_modules/react-native-vector-icons/Fonts/MaterialCommunityIcons.ttf"; sourceTree = "<group>"; fileEncoding = undefined; lastKnownFileType = unknown; explicitFileType = undefined; includeInIndex = 0; };
		AE88DC9D80E64E998EBCB0EB /* MaterialIcons.ttf */ = {isa = PBXFileReference; name = "MaterialIcons.ttf"; path = "../node_modules/react-native-vector-icons/Fonts/MaterialIcons.ttf"; sourceTree = "<group>"; fileEncoding = undefined; lastKnownFileType = unknown; explicitFileType = undefined; includeInIndex = 0; };
		EB57F252DA1640AAA07DAB4B /* Octicons.ttf */ = {isa = PBXFileReference; name = "Octicons.ttf"; path = "../node_modules/react-native-vector-icons/Fonts/Octicons.ttf"; sourceTree = "<group>"; fileEncoding = undefined; lastKnownFileType = unknown; explicitFileType = undefined; includeInIndex = 0; };
		3C2DD927136543AB8E768C12 /* SimpleLineIcons.ttf */ = {isa = PBXFileReference; name = "SimpleLineIcons.ttf"; path = "../node_modules/react-native-vector-icons/Fonts/SimpleLineIcons.ttf"; sourceTree = "<group>"; fileEncoding = undefined; lastKnownFileType = unknown; explicitFileType = undefined; includeInIndex = 0; };
		246F9E7D15414E96923654CC /* Zocial.ttf */ = {isa = PBXFileReference; name = "Zocial.ttf"; path = "../node_modules/react-native-vector-icons/Fonts/Zocial.ttf"; sourceTree = "<group>"; fileEncoding = undefined; lastKnownFileType = unknown; explicitFileType = undefined; includeInIndex = 0; };
		4141ACAFE7114E789ECEE16E /* Gotham-Black.otf */ = {isa = PBXFileReference; name = "Gotham-Black.otf"; path = "../src/routes/assets/fonts/Gotham-Black.otf"; sourceTree = "<group>"; fileEncoding = undefined; lastKnownFileType = unknown; explicitFileType = undefined; includeInIndex = 0; };
		094675DDE70E4EA59917FB51 /* Gotham-Bold.otf */ = {isa = PBXFileReference; name = "Gotham-Bold.otf"; path = "../src/routes/assets/fonts/Gotham-Bold.otf"; sourceTree = "<group>"; fileEncoding = undefined; lastKnownFileType = unknown; explicitFileType = undefined; includeInIndex = 0; };
		323C4A096F594B88B410D5FC /* Gotham-BookItalic.otf */ = {isa = PBXFileReference; name = "Gotham-BookItalic.otf"; path = "../src/routes/assets/fonts/Gotham-BookItalic.otf"; sourceTree = "<group>"; fileEncoding = undefined; lastKnownFileType = unknown; explicitFileType = undefined; includeInIndex = 0; };
		79BFDDE12B104FF9891B30E2 /* Gotham-Light.otf */ = {isa = PBXFileReference; name = "Gotham-Light.otf"; path = "../src/routes/assets/fonts/Gotham-Light.otf"; sourceTree = "<group>"; fileEncoding = undefined; lastKnownFileType = unknown; explicitFileType = undefined; includeInIndex = 0; };
		3704ABA93E4548B291DC021E /* Gotham-Thin.otf */ = {isa = PBXFileReference; name = "Gotham-Thin.otf"; path = "../src/routes/assets/fonts/Gotham-Thin.otf"; sourceTree = "<group>"; fileEncoding = undefined; lastKnownFileType = unknown; explicitFileType = undefined; includeInIndex = 0; };
		1A7BF3AF4536447AAEB4959B /* Gotham-ThinItalic.otf */ = {isa = PBXFileReference; name = "Gotham-ThinItalic.otf"; path = "../src/routes/assets/fonts/Gotham-ThinItalic.otf"; sourceTree = "<group>"; fileEncoding = undefined; lastKnownFileType = unknown; explicitFileType = undefined; includeInIndex = 0; };
		96D879FFB025490C9330AA93 /* Gotham-UltraItalic.otf */ = {isa = PBXFileReference; name = "Gotham-UltraItalic.otf"; path = "../src/routes/assets/fonts/Gotham-UltraItalic.otf"; sourceTree = "<group>"; fileEncoding = undefined; lastKnownFileType = unknown; explicitFileType = undefined; includeInIndex = 0; };
		0B038C794A4E425BB0DCEE1C /* Gotham-XLight.otf */ = {isa = PBXFileReference; name = "Gotham-XLight.otf"; path = "../src/routes/assets/fonts/Gotham-XLight.otf"; sourceTree = "<group>"; fileEncoding = undefined; lastKnownFileType = unknown; explicitFileType = undefined; includeInIndex = 0; };
		4E905D58A41D4EC0AA4A5941 /* Gotham-XLightItalic.otf */ = {isa = PBXFileReference; name = "Gotham-XLightItalic.otf"; path = "../src/routes/assets/fonts/Gotham-XLightItalic.otf"; sourceTree = "<group>"; fileEncoding = undefined; lastKnownFileType = unknown; explicitFileType = undefined; includeInIndex = 0; };
		46A04ADE22784960B9E7E5D3 /* GothamBold.ttf */ = {isa = PBXFileReference; name = "GothamBold.ttf"; path = "../src/routes/assets/fonts/GothamBold.ttf"; sourceTree = "<group>"; fileEncoding = undefined; lastKnownFileType = unknown; explicitFileType = undefined; includeInIndex = 0; };
		261977ECC3C34214AD73A50E /* GothamBoldItalic.ttf */ = {isa = PBXFileReference; name = "GothamBoldItalic.ttf"; path = "../src/routes/assets/fonts/GothamBoldItalic.ttf"; sourceTree = "<group>"; fileEncoding = undefined; lastKnownFileType = unknown; explicitFileType = undefined; includeInIndex = 0; };
		31258C45493B42BAB40E97B0 /* GothamBook.ttf */ = {isa = PBXFileReference; name = "GothamBook.ttf"; path = "../src/routes/assets/fonts/GothamBook.ttf"; sourceTree = "<group>"; fileEncoding = undefined; lastKnownFileType = unknown; explicitFileType = undefined; includeInIndex = 0; };
		D993CE3D92CC48049BE93642 /* GothamBookItalic.ttf */ = {isa = PBXFileReference; name = "GothamBookItalic.ttf"; path = "../src/routes/assets/fonts/GothamBookItalic.ttf"; sourceTree = "<group>"; fileEncoding = undefined; lastKnownFileType = unknown; explicitFileType = undefined; includeInIndex = 0; };
		040E988E106847A1A79758B7 /* GothamLight.ttf */ = {isa = PBXFileReference; name = "GothamLight.ttf"; path = "../src/routes/assets/fonts/GothamLight.ttf"; sourceTree = "<group>"; fileEncoding = undefined; lastKnownFileType = unknown; explicitFileType = undefined; includeInIndex = 0; };
		3A76F857CE2F47B1A1287D81 /* GothamLightItalic.ttf */ = {isa = PBXFileReference; name = "GothamLightItalic.ttf"; path = "../src/routes/assets/fonts/GothamLightItalic.ttf"; sourceTree = "<group>"; fileEncoding = undefined; lastKnownFileType = unknown; explicitFileType = undefined; includeInIndex = 0; };
		0CC1FFA3CE1C46F9A0720DF7 /* GothamMedium_1.ttf */ = {isa = PBXFileReference; name = "GothamMedium_1.ttf"; path = "../src/routes/assets/fonts/GothamMedium_1.ttf"; sourceTree = "<group>"; fileEncoding = undefined; lastKnownFileType = unknown; explicitFileType = undefined; includeInIndex = 0; };
		F7F18DDA244E4D7CAD4AC9FF /* GothamMedium.ttf */ = {isa = PBXFileReference; name = "GothamMedium.ttf"; path = "../src/routes/assets/fonts/GothamMedium.ttf"; sourceTree = "<group>"; fileEncoding = undefined; lastKnownFileType = unknown; explicitFileType = undefined; includeInIndex = 0; };
		2F5986BB546D49C28C6F0057 /* GothamMediumItalic.ttf */ = {isa = PBXFileReference; name = "GothamMediumItalic.ttf"; path = "../src/routes/assets/fonts/GothamMediumItalic.ttf"; sourceTree = "<group>"; fileEncoding = undefined; lastKnownFileType = unknown; explicitFileType = undefined; includeInIndex = 0; };
/* End PBXFileReference section */

/* Begin PBXFrameworksBuildPhase section */
		00E356EB1AD99517003FC87E /* Frameworks */ = {
			isa = PBXFrameworksBuildPhase;
			buildActionMask = 2147483647;
			files = (
			);
			runOnlyForDeploymentPostprocessing = 0;
		};
		13B07F8C1A680F5B00A75B9A /* Frameworks */ = {
			isa = PBXFrameworksBuildPhase;
			buildActionMask = 2147483647;
			files = (
			);
			runOnlyForDeploymentPostprocessing = 0;
		};
/* End PBXFrameworksBuildPhase section */

/* Begin PBXGroup section */
		00E356EF1AD99517003FC87E /* new_redditTests */ = {
			isa = PBXGroup;
			children = (
				00E356F21AD99517003FC87E /* new_redditTests.m */,
				00E356F01AD99517003FC87E /* Supporting Files */,
			);
			path = new_redditTests;
			sourceTree = "<group>";
		};
		00E356F01AD99517003FC87E /* Supporting Files */ = {
			isa = PBXGroup;
			children = (
				00E356F11AD99517003FC87E /* Info.plist */,
			);
			name = "Supporting Files";
			sourceTree = "<group>";
		};
		13B07FAE1A68108700A75B9A /* new_reddit */ = {
			isa = PBXGroup;
			children = (
				13B07FAF1A68108700A75B9A /* AppDelegate.h */,
				13B07FB01A68108700A75B9A /* AppDelegate.m */,
				13B07FB51A68108700A75B9A /* Images.xcassets */,
				13B07FB61A68108700A75B9A /* Info.plist */,
				81AB9BB72411601600AC10FF /* LaunchScreen.storyboard */,
				13B07FB71A68108700A75B9A /* main.m */,
			);
			name = new_reddit;
			sourceTree = "<group>";
		};
		2D16E6871FA4F8E400B85C8A /* Frameworks */ = {
			isa = PBXGroup;
			children = (
				ED297162215061F000B7C4FE /* JavaScriptCore.framework */,
			);
			name = Frameworks;
			sourceTree = "<group>";
		};
		832341AE1AAA6A7D00B99B32 /* Libraries */ = {
			isa = PBXGroup;
			children = (
			);
			name = Libraries;
			sourceTree = "<group>";
		};
		83CBB9F61A601CBA00E9B192 = {
			isa = PBXGroup;
			children = (
				13B07FAE1A68108700A75B9A /* new_reddit */,
				832341AE1AAA6A7D00B99B32 /* Libraries */,
				00E356EF1AD99517003FC87E /* new_redditTests */,
				83CBBA001A601CBA00E9B192 /* Products */,
				2D16E6871FA4F8E400B85C8A /* Frameworks */,
				DB3A7C6F270D45CCB8F94644 /* Resources */,
			);
			indentWidth = 2;
			sourceTree = "<group>";
			tabWidth = 2;
			usesTabs = 0;
		};
		83CBBA001A601CBA00E9B192 /* Products */ = {
			isa = PBXGroup;
			children = (
				13B07F961A680F5B00A75B9A /* new_reddit.app */,
				00E356EE1AD99517003FC87E /* new_redditTests.xctest */,
			);
			name = Products;
			sourceTree = "<group>";
		};
		DB3A7C6F270D45CCB8F94644 /* Resources */ = {
			isa = "PBXGroup";
			children = (
				749700EDE3AD413FBB2B1325 /* AntDesign.ttf */,
				C70C9FB4DC194EE1976B9EFE /* Entypo.ttf */,
				7A612FD369D64E53A00AA779 /* EvilIcons.ttf */,
				D596E9EE93E9471DB0C98CC6 /* Feather.ttf */,
				D05E73E0FA5D4A24B2FEAC4B /* FontAwesome.ttf */,
				D74B1FD558B14C368177D094 /* FontAwesome5_Brands.ttf */,
				0DDF6CF2045346FBBC4B9241 /* FontAwesome5_Regular.ttf */,
				083DF8739EC34BD8AE08A53F /* FontAwesome5_Solid.ttf */,
				243F7FA4C5834214BF62B96C /* Fontisto.ttf */,
				81C53D671CC84E50945AADE9 /* Foundation.ttf */,
				15FDAC7CF78F4691BA8E629B /* Ionicons.ttf */,
				DB11FEB70EA44295899AE385 /* MaterialCommunityIcons.ttf */,
				AE88DC9D80E64E998EBCB0EB /* MaterialIcons.ttf */,
				EB57F252DA1640AAA07DAB4B /* Octicons.ttf */,
				3C2DD927136543AB8E768C12 /* SimpleLineIcons.ttf */,
				246F9E7D15414E96923654CC /* Zocial.ttf */,
				4141ACAFE7114E789ECEE16E /* Gotham-Black.otf */,
				094675DDE70E4EA59917FB51 /* Gotham-Bold.otf */,
				323C4A096F594B88B410D5FC /* Gotham-BookItalic.otf */,
				79BFDDE12B104FF9891B30E2 /* Gotham-Light.otf */,
				3704ABA93E4548B291DC021E /* Gotham-Thin.otf */,
				1A7BF3AF4536447AAEB4959B /* Gotham-ThinItalic.otf */,
				96D879FFB025490C9330AA93 /* Gotham-UltraItalic.otf */,
				0B038C794A4E425BB0DCEE1C /* Gotham-XLight.otf */,
				4E905D58A41D4EC0AA4A5941 /* Gotham-XLightItalic.otf */,
				46A04ADE22784960B9E7E5D3 /* GothamBold.ttf */,
				261977ECC3C34214AD73A50E /* GothamBoldItalic.ttf */,
				31258C45493B42BAB40E97B0 /* GothamBook.ttf */,
				D993CE3D92CC48049BE93642 /* GothamBookItalic.ttf */,
				040E988E106847A1A79758B7 /* GothamLight.ttf */,
				3A76F857CE2F47B1A1287D81 /* GothamLightItalic.ttf */,
				0CC1FFA3CE1C46F9A0720DF7 /* GothamMedium_1.ttf */,
				F7F18DDA244E4D7CAD4AC9FF /* GothamMedium.ttf */,
				2F5986BB546D49C28C6F0057 /* GothamMediumItalic.ttf */,
			);
			name = Resources;
			sourceTree = "<group>";
			path = "";
		};
/* End PBXGroup section */

/* Begin PBXNativeTarget section */
		00E356ED1AD99517003FC87E /* new_redditTests */ = {
			isa = PBXNativeTarget;
			buildConfigurationList = 00E357021AD99517003FC87E /* Build configuration list for PBXNativeTarget "new_redditTests" */;
			buildPhases = (
				00E356EA1AD99517003FC87E /* Sources */,
				00E356EB1AD99517003FC87E /* Frameworks */,
				00E356EC1AD99517003FC87E /* Resources */,
			);
			buildRules = (
			);
			dependencies = (
				00E356F51AD99517003FC87E /* PBXTargetDependency */,
			);
			name = new_redditTests;
			productName = new_redditTests;
			productReference = 00E356EE1AD99517003FC87E /* new_redditTests.xctest */;
			productType = "com.apple.product-type.bundle.unit-test";
		};
		13B07F861A680F5B00A75B9A /* new_reddit */ = {
			isa = PBXNativeTarget;
			buildConfigurationList = 13B07F931A680F5B00A75B9A /* Build configuration list for PBXNativeTarget "new_reddit" */;
			buildPhases = (
				FD10A7F022414F080027D42C /* Start Packager */,
				13B07F871A680F5B00A75B9A /* Sources */,
				13B07F8C1A680F5B00A75B9A /* Frameworks */,
				13B07F8E1A680F5B00A75B9A /* Resources */,
				00DD1BFF1BD5951E006B06BC /* Bundle React Native code and images */,
			);
			buildRules = (
			);
			dependencies = (
			);
			name = new_reddit;
			productName = new_reddit;
			productReference = 13B07F961A680F5B00A75B9A /* new_reddit.app */;
			productType = "com.apple.product-type.application";
		};
/* End PBXNativeTarget section */

/* Begin PBXProject section */
		83CBB9F71A601CBA00E9B192 /* Project object */ = {
			isa = PBXProject;
			attributes = {
				LastUpgradeCheck = 1210;
				TargetAttributes = {
					00E356ED1AD99517003FC87E = {
						CreatedOnToolsVersion = 6.2;
						TestTargetID = 13B07F861A680F5B00A75B9A;
					};
					13B07F861A680F5B00A75B9A = {
						LastSwiftMigration = 1120;
					};
				};
			};
			buildConfigurationList = 83CBB9FA1A601CBA00E9B192 /* Build configuration list for PBXProject "new_reddit" */;
			compatibilityVersion = "Xcode 12.0";
			developmentRegion = en;
			hasScannedForEncodings = 0;
			knownRegions = (
				en,
				Base,
			);
			mainGroup = 83CBB9F61A601CBA00E9B192;
			productRefGroup = 83CBBA001A601CBA00E9B192 /* Products */;
			projectDirPath = "";
			projectRoot = "";
			targets = (
				13B07F861A680F5B00A75B9A /* new_reddit */,
				00E356ED1AD99517003FC87E /* new_redditTests */,
			);
		};
/* End PBXProject section */

/* Begin PBXResourcesBuildPhase section */
		00E356EC1AD99517003FC87E /* Resources */ = {
			isa = PBXResourcesBuildPhase;
			buildActionMask = 2147483647;
			files = (
			);
			runOnlyForDeploymentPostprocessing = 0;
		};
		13B07F8E1A680F5B00A75B9A /* Resources */ = {
			isa = PBXResourcesBuildPhase;
			buildActionMask = 2147483647;
			files = (
				81AB9BB82411601600AC10FF /* LaunchScreen.storyboard in Resources */,
				13B07FBF1A68108700A75B9A /* Images.xcassets in Resources */,
				B0049831D1EE4509812EE12B /* AntDesign.ttf in Resources */,
				F4AAFB04138748B7AAA76487 /* Entypo.ttf in Resources */,
				2FE523707FB745F29D26BDBC /* EvilIcons.ttf in Resources */,
				C3806B0E801E456F92B43EAC /* Feather.ttf in Resources */,
				4DC833A42B1B4412BFA59D5C /* FontAwesome.ttf in Resources */,
				752BBBFB74FE4346AA9C02B2 /* FontAwesome5_Brands.ttf in Resources */,
				BA5F425D06B34F4D9FF963C9 /* FontAwesome5_Regular.ttf in Resources */,
				4F090D481F28472985525DCA /* FontAwesome5_Solid.ttf in Resources */,
				88A29645547447F88DF8C662 /* Fontisto.ttf in Resources */,
				4B44852955AE41C095A6F40B /* Foundation.ttf in Resources */,
				B556DF5FF17A456B84D7F27F /* Ionicons.ttf in Resources */,
				213731865B974923A13C80FA /* MaterialCommunityIcons.ttf in Resources */,
				BEF514077F184690A9B1243B /* MaterialIcons.ttf in Resources */,
				C25DE89EC3C049ECA4268187 /* Octicons.ttf in Resources */,
				3AF1EE05449E4EA982A6D54D /* SimpleLineIcons.ttf in Resources */,
				B0EBDBC460F449A0B248B281 /* Zocial.ttf in Resources */,
				0152A9306AF140A5BE9A9243 /* Gotham-Black.otf in Resources */,
				D28DED32223A4A82B4ADB10C /* Gotham-Bold.otf in Resources */,
				8B25D9766B3247D48F664B0E /* Gotham-BookItalic.otf in Resources */,
				A11EC079F2364539B7F70247 /* Gotham-Light.otf in Resources */,
				9E127892D3114822B21AD09D /* Gotham-Thin.otf in Resources */,
				BD38A361766642A2B6D21FD5 /* Gotham-ThinItalic.otf in Resources */,
				5C0062EE935B4A8F8D268148 /* Gotham-UltraItalic.otf in Resources */,
				5D16B11DD2294BF096FA1A48 /* Gotham-XLight.otf in Resources */,
				46D3E6AF910544BCBEE3C32F /* Gotham-XLightItalic.otf in Resources */,
				593D87BD93BE434BBC3DA93C /* GothamBold.ttf in Resources */,
				6FBF5ED45B2243C9A2015767 /* GothamBoldItalic.ttf in Resources */,
				72B3618CF23940FE8E6BF61F /* GothamBook.ttf in Resources */,
				65990A4FDEFC401DB957302B /* GothamBookItalic.ttf in Resources */,
				7455EB56C13343B2BBC1B3AE /* GothamLight.ttf in Resources */,
				DB27D71AE0184ED3BE28F239 /* GothamLightItalic.ttf in Resources */,
				92F8319210244C70A80A42EF /* GothamMedium_1.ttf in Resources */,
				00CA9BF309DF4F16AD475F75 /* GothamMedium.ttf in Resources */,
				8B51DE989C714C40B7BFD543 /* GothamMediumItalic.ttf in Resources */,
			);
			runOnlyForDeploymentPostprocessing = 0;
		};
/* End PBXResourcesBuildPhase section */

/* Begin PBXShellScriptBuildPhase section */
		00DD1BFF1BD5951E006B06BC /* Bundle React Native code and images */ = {
			isa = PBXShellScriptBuildPhase;
			buildActionMask = 2147483647;
			files = (
			);
			inputPaths = (
			);
			name = "Bundle React Native code and images";
			outputPaths = (
			);
			runOnlyForDeploymentPostprocessing = 0;
			shellPath = /bin/sh;
			shellScript = "set -e\n\nexport NODE_BINARY=node\n../node_modules/react-native/scripts/react-native-xcode.sh\n";
		};
		FD10A7F022414F080027D42C /* Start Packager */ = {
			isa = PBXShellScriptBuildPhase;
			buildActionMask = 2147483647;
			files = (
			);
			inputFileListPaths = (
			);
			inputPaths = (
			);
			name = "Start Packager";
			outputFileListPaths = (
			);
			outputPaths = (
			);
			runOnlyForDeploymentPostprocessing = 0;
			shellPath = /bin/sh;
			shellScript = "export RCT_METRO_PORT=\"${RCT_METRO_PORT:=8081}\"\necho \"export RCT_METRO_PORT=${RCT_METRO_PORT}\" > \"${SRCROOT}/../node_modules/react-native/scripts/.packager.env\"\nif [ -z \"${RCT_NO_LAUNCH_PACKAGER+xxx}\" ] ; then\n  if nc -w 5 -z localhost ${RCT_METRO_PORT} ; then\n    if ! curl -s \"http://localhost:${RCT_METRO_PORT}/status\" | grep -q \"packager-status:running\" ; then\n      echo \"Port ${RCT_METRO_PORT} already in use, packager is either not running or not running correctly\"\n      exit 2\n    fi\n  else\n    open \"$SRCROOT/../node_modules/react-native/scripts/launchPackager.command\" || echo \"Can't start packager automatically\"\n  fi\nfi\n";
			showEnvVarsInLog = 0;
		};
/* End PBXShellScriptBuildPhase section */

/* Begin PBXSourcesBuildPhase section */
		00E356EA1AD99517003FC87E /* Sources */ = {
			isa = PBXSourcesBuildPhase;
			buildActionMask = 2147483647;
			files = (
				00E356F31AD99517003FC87E /* new_redditTests.m in Sources */,
			);
			runOnlyForDeploymentPostprocessing = 0;
		};
		13B07F871A680F5B00A75B9A /* Sources */ = {
			isa = PBXSourcesBuildPhase;
			buildActionMask = 2147483647;
			files = (
				13B07FBC1A68108700A75B9A /* AppDelegate.m in Sources */,
				13B07FC11A68108700A75B9A /* main.m in Sources */,
			);
			runOnlyForDeploymentPostprocessing = 0;
		};
/* End PBXSourcesBuildPhase section */

/* Begin PBXTargetDependency section */
		00E356F51AD99517003FC87E /* PBXTargetDependency */ = {
			isa = PBXTargetDependency;
			target = 13B07F861A680F5B00A75B9A /* new_reddit */;
			targetProxy = 00E356F41AD99517003FC87E /* PBXContainerItemProxy */;
		};
/* End PBXTargetDependency section */

/* Begin XCBuildConfiguration section */
		00E356F61AD99517003FC87E /* Debug */ = {
			isa = XCBuildConfiguration;
			buildSettings = {
				BUNDLE_LOADER = "$(TEST_HOST)";
				GCC_PREPROCESSOR_DEFINITIONS = (
					"DEBUG=1",
					"$(inherited)",
				);
				INFOPLIST_FILE = new_redditTests/Info.plist;
				IPHONEOS_DEPLOYMENT_TARGET = 11.0;
				LD_RUNPATH_SEARCH_PATHS = (
					"$(inherited)",
					"@executable_path/Frameworks",
					"@loader_path/Frameworks",
				);
				OTHER_LDFLAGS = (
					"-ObjC",
					"-lc++",
					"$(inherited)",
				);
				PRODUCT_BUNDLE_IDENTIFIER = "org.reactjs.native.example.$(PRODUCT_NAME:rfc1034identifier)";
				PRODUCT_NAME = "$(TARGET_NAME)";
				TEST_HOST = "$(BUILT_PRODUCTS_DIR)/new_reddit.app/new_reddit";
			};
			name = Debug;
		};
		00E356F71AD99517003FC87E /* Release */ = {
			isa = XCBuildConfiguration;
			buildSettings = {
				BUNDLE_LOADER = "$(TEST_HOST)";
				COPY_PHASE_STRIP = NO;
				INFOPLIST_FILE = new_redditTests/Info.plist;
				IPHONEOS_DEPLOYMENT_TARGET = 11.0;
				LD_RUNPATH_SEARCH_PATHS = (
					"$(inherited)",
					"@executable_path/Frameworks",
					"@loader_path/Frameworks",
				);
				OTHER_LDFLAGS = (
					"-ObjC",
					"-lc++",
					"$(inherited)",
				);
				PRODUCT_BUNDLE_IDENTIFIER = "org.reactjs.native.example.$(PRODUCT_NAME:rfc1034identifier)";
				PRODUCT_NAME = "$(TARGET_NAME)";
				TEST_HOST = "$(BUILT_PRODUCTS_DIR)/new_reddit.app/new_reddit";
			};
			name = Release;
		};
		13B07F941A680F5B00A75B9A /* Debug */ = {
			isa = XCBuildConfiguration;
			buildSettings = {
				ASSETCATALOG_COMPILER_APPICON_NAME = AppIcon;
				CLANG_ENABLE_MODULES = YES;
				CURRENT_PROJECT_VERSION = 1;
				ENABLE_BITCODE = NO;
				INFOPLIST_FILE = new_reddit/Info.plist;
				LD_RUNPATH_SEARCH_PATHS = (
					"$(inherited)",
					"@executable_path/Frameworks",
				);
				OTHER_LDFLAGS = (
					"$(inherited)",
					"-ObjC",
					"-lc++",
				);
				PRODUCT_BUNDLE_IDENTIFIER = "org.reactjs.native.example.$(PRODUCT_NAME:rfc1034identifier)";
				PRODUCT_NAME = new_reddit;
				SWIFT_OPTIMIZATION_LEVEL = "-Onone";
				SWIFT_VERSION = 5.0;
				VERSIONING_SYSTEM = "apple-generic";
			};
			name = Debug;
		};
		13B07F951A680F5B00A75B9A /* Release */ = {
			isa = XCBuildConfiguration;
			buildSettings = {
				ASSETCATALOG_COMPILER_APPICON_NAME = AppIcon;
				CLANG_ENABLE_MODULES = YES;
				CURRENT_PROJECT_VERSION = 1;
				INFOPLIST_FILE = new_reddit/Info.plist;
				LD_RUNPATH_SEARCH_PATHS = (
					"$(inherited)",
					"@executable_path/Frameworks",
				);
				OTHER_LDFLAGS = (
					"$(inherited)",
					"-ObjC",
					"-lc++",
				);
				PRODUCT_BUNDLE_IDENTIFIER = "org.reactjs.native.example.$(PRODUCT_NAME:rfc1034identifier)";
				PRODUCT_NAME = new_reddit;
				SWIFT_VERSION = 5.0;
				VERSIONING_SYSTEM = "apple-generic";
			};
			name = Release;
		};
		83CBBA201A601CBA00E9B192 /* Debug */ = {
			isa = XCBuildConfiguration;
			buildSettings = {
				ALWAYS_SEARCH_USER_PATHS = NO;
				CLANG_ANALYZER_LOCALIZABILITY_NONLOCALIZED = YES;
				CLANG_CXX_LANGUAGE_STANDARD = "gnu++0x";
				CLANG_CXX_LIBRARY = "libc++";
				CLANG_ENABLE_MODULES = YES;
				CLANG_ENABLE_OBJC_ARC = YES;
				CLANG_WARN_BLOCK_CAPTURE_AUTORELEASING = YES;
				CLANG_WARN_BOOL_CONVERSION = YES;
				CLANG_WARN_COMMA = YES;
				CLANG_WARN_CONSTANT_CONVERSION = YES;
				CLANG_WARN_DEPRECATED_OBJC_IMPLEMENTATIONS = YES;
				CLANG_WARN_DIRECT_OBJC_ISA_USAGE = YES_ERROR;
				CLANG_WARN_EMPTY_BODY = YES;
				CLANG_WARN_ENUM_CONVERSION = YES;
				CLANG_WARN_INFINITE_RECURSION = YES;
				CLANG_WARN_INT_CONVERSION = YES;
				CLANG_WARN_NON_LITERAL_NULL_CONVERSION = YES;
				CLANG_WARN_OBJC_IMPLICIT_RETAIN_SELF = YES;
				CLANG_WARN_OBJC_LITERAL_CONVERSION = YES;
				CLANG_WARN_OBJC_ROOT_CLASS = YES_ERROR;
				CLANG_WARN_QUOTED_INCLUDE_IN_FRAMEWORK_HEADER = YES;
				CLANG_WARN_RANGE_LOOP_ANALYSIS = YES;
				CLANG_WARN_STRICT_PROTOTYPES = YES;
				CLANG_WARN_SUSPICIOUS_MOVE = YES;
				CLANG_WARN_UNREACHABLE_CODE = YES;
				CLANG_WARN__DUPLICATE_METHOD_MATCH = YES;
				"CODE_SIGN_IDENTITY[sdk=iphoneos*]" = "iPhone Developer";
				COPY_PHASE_STRIP = NO;
				ENABLE_STRICT_OBJC_MSGSEND = YES;
				ENABLE_TESTABILITY = YES;
				GCC_C_LANGUAGE_STANDARD = gnu99;
				GCC_DYNAMIC_NO_PIC = NO;
				GCC_NO_COMMON_BLOCKS = YES;
				GCC_OPTIMIZATION_LEVEL = 0;
				GCC_PREPROCESSOR_DEFINITIONS = (
					"DEBUG=1",
					"$(inherited)",
				);
				GCC_SYMBOLS_PRIVATE_EXTERN = NO;
				GCC_WARN_64_TO_32_BIT_CONVERSION = YES;
				GCC_WARN_ABOUT_RETURN_TYPE = YES_ERROR;
				GCC_WARN_UNDECLARED_SELECTOR = YES;
				GCC_WARN_UNINITIALIZED_AUTOS = YES_AGGRESSIVE;
				GCC_WARN_UNUSED_FUNCTION = YES;
				GCC_WARN_UNUSED_VARIABLE = YES;
				IPHONEOS_DEPLOYMENT_TARGET = 11.0;
				LD_RUNPATH_SEARCH_PATHS = (
					/usr/lib/swift,
					"$(inherited)",
				);
				LIBRARY_SEARCH_PATHS = (
					"\"$(SDKROOT)/usr/lib/swift\"",
					"\"$(TOOLCHAIN_DIR)/usr/lib/swift/$(PLATFORM_NAME)\"",
					"\"$(TOOLCHAIN_DIR)/usr/lib/swift-5.0/$(PLATFORM_NAME)\"",
					"\"$(inherited)\"",
				);
				MTL_ENABLE_DEBUG_INFO = YES;
				ONLY_ACTIVE_ARCH = YES;
				SDKROOT = iphoneos;
			};
			name = Debug;
		};
		83CBBA211A601CBA00E9B192 /* Release */ = {
			isa = XCBuildConfiguration;
			buildSettings = {
				ALWAYS_SEARCH_USER_PATHS = NO;
				CLANG_ANALYZER_LOCALIZABILITY_NONLOCALIZED = YES;
				CLANG_CXX_LANGUAGE_STANDARD = "gnu++0x";
				CLANG_CXX_LIBRARY = "libc++";
				CLANG_ENABLE_MODULES = YES;
				CLANG_ENABLE_OBJC_ARC = YES;
				CLANG_WARN_BLOCK_CAPTURE_AUTORELEASING = YES;
				CLANG_WARN_BOOL_CONVERSION = YES;
				CLANG_WARN_COMMA = YES;
				CLANG_WARN_CONSTANT_CONVERSION = YES;
				CLANG_WARN_DEPRECATED_OBJC_IMPLEMENTATIONS = YES;
				CLANG_WARN_DIRECT_OBJC_ISA_USAGE = YES_ERROR;
				CLANG_WARN_EMPTY_BODY = YES;
				CLANG_WARN_ENUM_CONVERSION = YES;
				CLANG_WARN_INFINITE_RECURSION = YES;
				CLANG_WARN_INT_CONVERSION = YES;
				CLANG_WARN_NON_LITERAL_NULL_CONVERSION = YES;
				CLANG_WARN_OBJC_IMPLICIT_RETAIN_SELF = YES;
				CLANG_WARN_OBJC_LITERAL_CONVERSION = YES;
				CLANG_WARN_OBJC_ROOT_CLASS = YES_ERROR;
				CLANG_WARN_QUOTED_INCLUDE_IN_FRAMEWORK_HEADER = YES;
				CLANG_WARN_RANGE_LOOP_ANALYSIS = YES;
				CLANG_WARN_STRICT_PROTOTYPES = YES;
				CLANG_WARN_SUSPICIOUS_MOVE = YES;
				CLANG_WARN_UNREACHABLE_CODE = YES;
				CLANG_WARN__DUPLICATE_METHOD_MATCH = YES;
				"CODE_SIGN_IDENTITY[sdk=iphoneos*]" = "iPhone Developer";
				COPY_PHASE_STRIP = YES;
				ENABLE_NS_ASSERTIONS = NO;
				ENABLE_STRICT_OBJC_MSGSEND = YES;
				GCC_C_LANGUAGE_STANDARD = gnu99;
				GCC_NO_COMMON_BLOCKS = YES;
				GCC_WARN_64_TO_32_BIT_CONVERSION = YES;
				GCC_WARN_ABOUT_RETURN_TYPE = YES_ERROR;
				GCC_WARN_UNDECLARED_SELECTOR = YES;
				GCC_WARN_UNINITIALIZED_AUTOS = YES_AGGRESSIVE;
				GCC_WARN_UNUSED_FUNCTION = YES;
				GCC_WARN_UNUSED_VARIABLE = YES;
				IPHONEOS_DEPLOYMENT_TARGET = 11.0;
				LD_RUNPATH_SEARCH_PATHS = (
					/usr/lib/swift,
					"$(inherited)",
				);
				LIBRARY_SEARCH_PATHS = (
					"\"$(SDKROOT)/usr/lib/swift\"",
					"\"$(TOOLCHAIN_DIR)/usr/lib/swift/$(PLATFORM_NAME)\"",
					"\"$(TOOLCHAIN_DIR)/usr/lib/swift-5.0/$(PLATFORM_NAME)\"",
					"\"$(inherited)\"",
				);
				MTL_ENABLE_DEBUG_INFO = NO;
				SDKROOT = iphoneos;
				VALIDATE_PRODUCT = YES;
			};
			name = Release;
		};
/* End XCBuildConfiguration section */

/* Begin XCConfigurationList section */
		00E357021AD99517003FC87E /* Build configuration list for PBXNativeTarget "new_redditTests" */ = {
			isa = XCConfigurationList;
			buildConfigurations = (
				00E356F61AD99517003FC87E /* Debug */,
				00E356F71AD99517003FC87E /* Release */,
			);
			defaultConfigurationIsVisible = 0;
			defaultConfigurationName = Release;
		};
		13B07F931A680F5B00A75B9A /* Build configuration list for PBXNativeTarget "new_reddit" */ = {
			isa = XCConfigurationList;
			buildConfigurations = (
				13B07F941A680F5B00A75B9A /* Debug */,
				13B07F951A680F5B00A75B9A /* Release */,
			);
			defaultConfigurationIsVisible = 0;
			defaultConfigurationName = Release;
		};
		83CBB9FA1A601CBA00E9B192 /* Build configuration list for PBXProject "new_reddit" */ = {
			isa = XCConfigurationList;
			buildConfigurations = (
				83CBBA201A601CBA00E9B192 /* Debug */,
				83CBBA211A601CBA00E9B192 /* Release */,
			);
			defaultConfigurationIsVisible = 0;
			defaultConfigurationName = Release;
		};
/* End XCConfigurationList section */
	};
	rootObject = 83CBB9F71A601CBA00E9B192 /* Project object */;
}
